
Microsoft Visual Studio Solution File, Format Version 12.00
# Visual Studio Version 17
VisualStudioVersion = 17.0.31903.59
MinimumVisualStudioVersion = 10.0.40219.1
Project("{2150E333-8FDC-42A3-9474-1A3956D46DE8}") = "backend", "backend", "{1AE8ACA6-933B-BF2A-3671-3E2EAC007D16}"
EndProject
Project("{2150E333-8FDC-42A3-9474-1A3956D46DE8}") = "src", "src", "{0F9113EE-888A-26D2-68B0-4A7D0A2A8745}"
EndProject
Project("{FAE04EC0-301F-11D3-BF4B-00C04F79EFBC}") = "Kairos.Api", "backend\src\Kairos.Api\Kairos.Api.csproj", "{B90B5803-D1DA-4F5D-9DBE-D411601C110A}"
EndProject
Project("{FAE04EC0-301F-11D3-BF4B-00C04F79EFBC}") = "Kairos.Application", "backend\src\Kairos.Application\Kairos.Application.csproj", "{43AE35A1-1A09-4D17-B8A3-A9B319CBF902}"
EndProject
Project("{FAE04EC0-301F-11D3-BF4B-00C04F79EFBC}") = "Kairos.Domain", "backend\src\Kairos.Domain\Kairos.Domain.csproj", "{9B40E3D3-2681-4A6F-863D-AA6B020D4D87}"
EndProject
Project("{FAE04EC0-301F-11D3-BF4B-00C04F79EFBC}") = "Kairos.Infrastructure", "backend\src\Kairos.Infrastructure\Kairos.Infrastructure.csproj", "{06624EAF-7CD4-4A7C-8EE2-FCC26A1A4988}"
EndProject
Project("{2150E333-8FDC-42A3-9474-1A3956D46DE8}") = "tests", "tests", "{F57642F3-C37C-D174-720E-6A6AAD5BEE22}"
EndProject
Project("{FAE04EC0-301F-11D3-BF4B-00C04F79EFBC}") = "Kairos.UnitTests", "backend\tests\Kairos.UnitTests\Kairos.UnitTests.csproj", "{B9952996-6A5F-4886-B6CC-739EC8392910}"
EndProject
Project("{FAE04EC0-301F-11D3-BF4B-00C04F79EFBC}") = "Kairos.IntegrationTests", "backend\tests\Kairos.IntegrationTests\Kairos.IntegrationTests.csproj", "{A297376C-A6F6-4106-8B82-989A1B884D7C}"
EndProject
Global
	GlobalSection(SolutionConfigurationPlatforms) = preSolution
		Debug|Any CPU = Debug|Any CPU
		Debug|x64 = Debug|x64
		Debug|x86 = Debug|x86
		Release|Any CPU = Release|Any CPU
		Release|x64 = Release|x64
		Release|x86 = Release|x86
	EndGlobalSection
	GlobalSection(ProjectConfigurationPlatforms) = postSolution
		{B90B5803-D1DA-4F5D-9DBE-D411601C110A}.Debug|Any CPU.ActiveCfg = Debug|Any CPU
		{B90B5803-D1DA-4F5D-9DBE-D411601C110A}.Debug|Any CPU.Build.0 = Debug|Any CPU
		{B90B5803-D1DA-4F5D-9DBE-D411601C110A}.Debug|x64.ActiveCfg = Debug|Any CPU
		{B90B5803-D1DA-4F5D-9DBE-D411601C110A}.Debug|x64.Build.0 = Debug|Any CPU
		{B90B5803-D1DA-4F5D-9DBE-D411601C110A}.Debug|x86.ActiveCfg = Debug|Any CPU
		{B90B5803-D1DA-4F5D-9DBE-D411601C110A}.Debug|x86.Build.0 = Debug|Any CPU
		{B90B5803-D1DA-4F5D-9DBE-D411601C110A}.Release|Any CPU.ActiveCfg = Release|Any CPU
		{B90B5803-D1DA-4F5D-9DBE-D411601C110A}.Release|Any CPU.Build.0 = Release|Any CPU
		{B90B5803-D1DA-4F5D-9DBE-D411601C110A}.Release|x64.ActiveCfg = Release|Any CPU
		{B90B5803-D1DA-4F5D-9DBE-D411601C110A}.Release|x64.Build.0 = Release|Any CPU
		{B90B5803-D1DA-4F5D-9DBE-D411601C110A}.Release|x86.ActiveCfg = Release|Any CPU
		{B90B5803-D1DA-4F5D-9DBE-D411601C110A}.Release|x86.Build.0 = Release|Any CPU
		{43AE35A1-1A09-4D17-B8A3-A9B319CBF902}.Debug|Any CPU.ActiveCfg = Debug|Any CPU
		{43AE35A1-1A09-4D17-B8A3-A9B319CBF902}.Debug|Any CPU.Build.0 = Debug|Any CPU
		{43AE35A1-1A09-4D17-B8A3-A9B319CBF902}.Debug|x64.ActiveCfg = Debug|Any CPU
		{43AE35A1-1A09-4D17-B8A3-A9B319CBF902}.Debug|x64.Build.0 = Debug|Any CPU
		{43AE35A1-1A09-4D17-B8A3-A9B319CBF902}.Debug|x86.ActiveCfg = Debug|Any CPU
		{43AE35A1-1A09-4D17-B8A3-A9B319CBF902}.Debug|x86.Build.0 = Debug|Any CPU
		{43AE35A1-1A09-4D17-B8A3-A9B319CBF902}.Release|Any CPU.ActiveCfg = Release|Any CPU
		{43AE35A1-1A09-4D17-B8A3-A9B319CBF902}.Release|Any CPU.Build.0 = Release|Any CPU
		{43AE35A1-1A09-4D17-B8A3-A9B319CBF902}.Release|x64.ActiveCfg = Release|Any CPU
		{43AE35A1-1A09-4D17-B8A3-A9B319CBF902}.Release|x64.Build.0 = Release|Any CPU
		{43AE35A1-1A09-4D17-B8A3-A9B319CBF902}.Release|x86.ActiveCfg = Release|Any CPU
		{43AE35A1-1A09-4D17-B8A3-A9B319CBF902}.Release|x86.Build.0 = Release|Any CPU
		{9B40E3D3-2681-4A6F-863D-AA6B020D4D87}.Debug|Any CPU.ActiveCfg = Debug|Any CPU
		{9B40E3D3-2681-4A6F-863D-AA6B020D4D87}.Debug|Any CPU.Build.0 = Debug|Any CPU
		{9B40E3D3-2681-4A6F-863D-AA6B020D4D87}.Debug|x64.ActiveCfg = Debug|Any CPU
		{9B40E3D3-2681-4A6F-863D-AA6B020D4D87}.Debug|x64.Build.0 = Debug|Any CPU
		{9B40E3D3-2681-4A6F-863D-AA6B020D4D87}.Debug|x86.ActiveCfg = Debug|Any CPU
		{9B40E3D3-2681-4A6F-863D-AA6B020D4D87}.Debug|x86.Build.0 = Debug|Any CPU
		{9B40E3D3-2681-4A6F-863D-AA6B020D4D87}.Release|Any CPU.ActiveCfg = Release|Any CPU
		{9B40E3D3-2681-4A6F-863D-AA6B020D4D87}.Release|Any CPU.Build.0 = Release|Any CPU
		{9B40E3D3-2681-4A6F-863D-AA6B020D4D87}.Release|x64.ActiveCfg = Release|Any CPU
		{9B40E3D3-2681-4A6F-863D-AA6B020D4D87}.Release|x64.Build.0 = Release|Any CPU
		{9B40E3D3-2681-4A6F-863D-AA6B020D4D87}.Release|x86.ActiveCfg = Release|Any CPU
		{9B40E3D3-2681-4A6F-863D-AA6B020D4D87}.Release|x86.Build.0 = Release|Any CPU
		{06624EAF-7CD4-4A7C-8EE2-FCC26A1A4988}.Debug|Any CPU.ActiveCfg = Debug|Any CPU
		{06624EAF-7CD4-4A7C-8EE2-FCC26A1A4988}.Debug|Any CPU.Build.0 = Debug|Any CPU
		{06624EAF-7CD4-4A7C-8EE2-FCC26A1A4988}.Debug|x64.ActiveCfg = Debug|Any CPU
		{06624EAF-7CD4-4A7C-8EE2-FCC26A1A4988}.Debug|x64.Build.0 = Debug|Any CPU
		{06624EAF-7CD4-4A7C-8EE2-FCC26A1A4988}.Debug|x86.ActiveCfg = Debug|Any CPU
		{06624EAF-7CD4-4A7C-8EE2-FCC26A1A4988}.Debug|x86.Build.0 = Debug|Any CPU
		{06624EAF-7CD4-4A7C-8EE2-FCC26A1A4988}.Release|Any CPU.ActiveCfg = Release|Any CPU
		{06624EAF-7CD4-4A7C-8EE2-FCC26A1A4988}.Release|Any CPU.Build.0 = Release|Any CPU
		{06624EAF-7CD4-4A7C-8EE2-FCC26A1A4988}.Release|x64.ActiveCfg = Release|Any CPU
		{06624EAF-7CD4-4A7C-8EE2-FCC26A1A4988}.Release|x64.Build.0 = Release|Any CPU
		{06624EAF-7CD4-4A7C-8EE2-FCC26A1A4988}.Release|x86.ActiveCfg = Release|Any CPU
		{06624EAF-7CD4-4A7C-8EE2-FCC26A1A4988}.Release|x86.Build.0 = Release|Any CPU
		{B9952996-6A5F-4886-B6CC-739EC8392910}.Debug|Any CPU.ActiveCfg = Debug|Any CPU
		{B9952996-6A5F-4886-B6CC-739EC8392910}.Debug|Any CPU.Build.0 = Debug|Any CPU
		{B9952996-6A5F-4886-B6CC-739EC8392910}.Debug|x64.ActiveCfg = Debug|Any CPU
		{B9952996-6A5F-4886-B6CC-739EC8392910}.Debug|x64.Build.0 = Debug|Any CPU
		{B9952996-6A5F-4886-B6CC-739EC8392910}.Debug|x86.ActiveCfg = Debug|Any CPU
		{B9952996-6A5F-4886-B6CC-739EC8392910}.Debug|x86.Build.0 = Debug|Any CPU
		{B9952996-6A5F-4886-B6CC-739EC8392910}.Release|Any CPU.ActiveCfg = Release|Any CPU
		{B9952996-6A5F-4886-B6CC-739EC8392910}.Release|Any CPU.Build.0 = Release|Any CPU
		{B9952996-6A5F-4886-B6CC-739EC8392910}.Release|x64.ActiveCfg = Release|Any CPU
		{B9952996-6A5F-4886-B6CC-739EC8392910}.Release|x64.Build.0 = Release|Any CPU
		{B9952996-6A5F-4886-B6CC-739EC8392910}.Release|x86.ActiveCfg = Release|Any CPU
		{B9952996-6A5F-4886-B6CC-739EC8392910}.Release|x86.Build.0 = Release|Any CPU
		{A297376C-A6F6-4106-8B82-989A1B884D7C}.Debug|Any CPU.ActiveCfg = Debug|Any CPU
		{A297376C-A6F6-4106-8B82-989A1B884D7C}.Debug|Any CPU.Build.0 = Debug|Any CPU
		{A297376C-A6F6-4106-8B82-989A1B884D7C}.Debug|x64.ActiveCfg = Debug|Any CPU
		{A297376C-A6F6-4106-8B82-989A1B884D7C}.Debug|x64.Build.0 = Debug|Any CPU
		{A297376C-A6F6-4106-8B82-989A1B884D7C}.Debug|x86.ActiveCfg = Debug|Any CPU
		{A297376C-A6F6-4106-8B82-989A1B884D7C}.Debug|x86.Build.0 = Debug|Any CPU
		{A297376C-A6F6-4106-8B82-989A1B884D7C}.Release|Any CPU.ActiveCfg = Release|Any CPU
		{A297376C-A6F6-4106-8B82-989A1B884D7C}.Release|Any CPU.Build.0 = Release|Any CPU
		{A297376C-A6F6-4106-8B82-989A1B884D7C}.Release|x64.ActiveCfg = Release|Any CPU
		{A297376C-A6F6-4106-8B82-989A1B884D7C}.Release|x64.Build.0 = Release|Any CPU
		{A297376C-A6F6-4106-8B82-989A1B884D7C}.Release|x86.ActiveCfg = Release|Any CPU
		{A297376C-A6F6-4106-8B82-989A1B884D7C}.Release|x86.Build.0 = Release|Any CPU
	EndGlobalSection
	GlobalSection(SolutionProperties) = preSolution
		HideSolutionNode = FALSE
	EndGlobalSection
	GlobalSection(NestedProjects) = preSolution
		{0F9113EE-888A-26D2-68B0-4A7D0A2A8745} = {1AE8ACA6-933B-BF2A-3671-3E2EAC007D16}
		{B90B5803-D1DA-4F5D-9DBE-D411601C110A} = {0F9113EE-888A-26D2-68B0-4A7D0A2A8745}
		{43AE35A1-1A09-4D17-B8A3-A9B319CBF902} = {0F9113EE-888A-26D2-68B0-4A7D0A2A8745}
		{9B40E3D3-2681-4A6F-863D-AA6B020D4D87} = {0F9113EE-888A-26D2-68B0-4A7D0A2A8745}
		{06624EAF-7CD4-4A7C-8EE2-FCC26A1A4988} = {0F9113EE-888A-26D2-68B0-4A7D0A2A8745}
		{F57642F3-C37C-D174-720E-6A6AAD5BEE22} = {1AE8ACA6-933B-BF2A-3671-3E2EAC007D16}
		{B9952996-6A5F-4886-B6CC-739EC8392910} = {F57642F3-C37C-D174-720E-6A6AAD5BEE22}
		{A297376C-A6F6-4106-8B82-989A1B884D7C} = {F57642F3-C37C-D174-720E-6A6AAD5BEE22}
	EndGlobalSection
EndGlobal
